{
  "originHash" : "3791aa97a965a776276221533032d53869cb6fadc43ec17e53f2856dfc12a4b1",
  "pins" : [
    {
      "identity" : "bonsplit",
      "kind" : "remoteSourceControl",
      "location" : "https://github.com/almonk/bonsplit.git",
      "state" : {
        "revision" : "7c322f078c388438e4b7896a86c57598aa7e203d",
        "version" : "1.1.1"
      }
    },
    {
      "identity" : "sparkle",
      "kind" : "remoteSourceControl",
      "location" : "https://github.com/sparkle-project/Sparkle",
      "state" : {
        "revision" : "21d8df80440b1ca3b65fa82e40782f1e5a9e6ba2",
        "version" : "2.9.0"
      }
    }
  ],
  "version" : 3
}
